// !$*UTF8*$!
{
	archiveVersion = 1;
	classes = {
	};
	objectVersion = 48;
	objects = {

/* Begin PBXBuildFile section */
		00134E1D7CCD930DFF520B22 /* Pods_NoteTours.framework in Frameworks */ = {isa = PBXBuildFile; fileRef = D6AD820D46E90326EC0AC93F /* Pods_NoteTours.framework */; };
		2F071CC920E4D488008B33FC /* DataServicePlist.swift in Sources */ = {isa = PBXBuildFile; fileRef = 2F071CC820E4D488008B33FC /* DataServicePlist.swift */; };
		2F074A4120F714AE00BF70CA /* GoogleService-Info.plist in Resources */ = {isa = PBXBuildFile; fileRef = 2F074A4020F714AE00BF70CA /* GoogleService-Info.plist */; };
		2F0A176920F6DFFD0060D008 /* Assets.xcassets in Resources */ = {isa = PBXBuildFile; fileRef = 2F0A176820F6DFFC0060D008 /* Assets.xcassets */; };
		2F1E277720ECCA0A00F68793 /* StartViewController.swift in Sources */ = {isa = PBXBuildFile; fileRef = 2F1E277620ECCA0A00F68793 /* StartViewController.swift */; };
		2F26340120F5E90C00311F9F /* ContentController.swift in Sources */ = {isa = PBXBuildFile; fileRef = 2F26340020F5E90C00311F9F /* ContentController.swift */; };
		2F296BEC20ECC72400FE90C1 /* TabBarViewController.swift in Sources */ = {isa = PBXBuildFile; fileRef = 2F296BEB20ECC72400FE90C1 /* TabBarViewController.swift */; };
		2F681F4720E4C67A001F78C9 /* AppDelegate.swift in Sources */ = {isa = PBXBuildFile; fileRef = 2F681F4620E4C67A001F78C9 /* AppDelegate.swift */; };
		2F681F4C20E4C67A001F78C9 /* Main.storyboard in Resources */ = {isa = PBXBuildFile; fileRef = 2F681F4A20E4C67A001F78C9 /* Main.storyboard */; };
		2F681F5120E4C67A001F78C9 /* LaunchScreen.storyboard in Resources */ = {isa = PBXBuildFile; fileRef = 2F681F4F20E4C67A001F78C9 /* LaunchScreen.storyboard */; };
		2F681F5B20E4CC6E001F78C9 /* PlistServices.swift in Sources */ = {isa = PBXBuildFile; fileRef = 2F681F5A20E4CC6E001F78C9 /* PlistServices.swift */; };
		2F6CF35A20EC633500260BD3 /* UserName.swift in Sources */ = {isa = PBXBuildFile; fileRef = 2F6CF35920EC633500260BD3 /* UserName.swift */; };
		2F73961F20F45AA0001671DD /* PlacesVietnam.plist in Resources */ = {isa = PBXBuildFile; fileRef = 2F73961E20F45AA0001671DD /* PlacesVietnam.plist */; };
		2F73962120F45B0E001671DD /* Places.swift in Sources */ = {isa = PBXBuildFile; fileRef = 2F73962020F45B0E001671DD /* Places.swift */; };
		2FA02FB320F6FF0700033ED0 /* RegisterController.swift in Sources */ = {isa = PBXBuildFile; fileRef = 2FA02FB220F6FF0700033ED0 /* RegisterController.swift */; };
		2FA6F1C920E769AF0076928D /* UIView+Extentions.swift in Sources */ = {isa = PBXBuildFile; fileRef = 2FA6F1C820E769AF0076928D /* UIView+Extentions.swift */; };
		2FB94C6020F76DA500E2B18C /* AutoCompleteController.swift in Sources */ = {isa = PBXBuildFile; fileRef = 2FB94C5F20F76DA400E2B18C /* AutoCompleteController.swift */; };
		2FC7BB3F20F5A48A00CDCD14 /* RegionCell.swift in Sources */ = {isa = PBXBuildFile; fileRef = 2FC7BB3E20F5A48A00CDCD14 /* RegionCell.swift */; };
		2FC7BB4120F5B3F500CDCD14 /* PlacesCell.swift in Sources */ = {isa = PBXBuildFile; fileRef = 2FC7BB4020F5B3F500CDCD14 /* PlacesCell.swift */; };
		2FC90F1820E6444B00C29A01 /* HomeViewController.swift in Sources */ = {isa = PBXBuildFile; fileRef = 2FC90F1720E6444B00C29A01 /* HomeViewController.swift */; };
		2FDCEB9C20F49A7D00BED66D /* RegionsViewController.swift in Sources */ = {isa = PBXBuildFile; fileRef = 2FDCEB9B20F49A7D00BED66D /* RegionsViewController.swift */; };
		2FDCEB9E20F49CF700BED66D /* PlacesViewController.swift in Sources */ = {isa = PBXBuildFile; fileRef = 2FDCEB9D20F49CF700BED66D /* PlacesViewController.swift */; };
		2FE3281920EE135B004577AE /* MapsViewController.swift in Sources */ = {isa = PBXBuildFile; fileRef = 2FE3281820EE135B004577AE /* MapsViewController.swift */; };
/* End PBXBuildFile section */

/* Begin PBXFileReference section */
		2F071CC820E4D488008B33FC /* DataServicePlist.swift */ = {isa = PBXFileReference; lastKnownFileType = sourcecode.swift; path = DataServicePlist.swift; sourceTree = "<group>"; };
		2F074A4020F714AE00BF70CA /* GoogleService-Info.plist */ = {isa = PBXFileReference; fileEncoding = 4; lastKnownFileType = text.plist.xml; path = "GoogleService-Info.plist"; sourceTree = "<group>"; };
		2F0A176820F6DFFC0060D008 /* Assets.xcassets */ = {isa = PBXFileReference; lastKnownFileType = folder.assetcatalog; path = Assets.xcassets; sourceTree = "<group>"; };
		2F1E277620ECCA0A00F68793 /* StartViewController.swift */ = {isa = PBXFileReference; lastKnownFileType = sourcecode.swift; path = StartViewController.swift; sourceTree = "<group>"; };
		2F26340020F5E90C00311F9F /* ContentController.swift */ = {isa = PBXFileReference; lastKnownFileType = sourcecode.swift; path = ContentController.swift; sourceTree = "<group>"; };
		2F296BEB20ECC72400FE90C1 /* TabBarViewController.swift */ = {isa = PBXFileReference; lastKnownFileType = sourcecode.swift; path = TabBarViewController.swift; sourceTree = "<group>"; };
		2F681F4320E4C67A001F78C9 /* NoteTours.app */ = {isa = PBXFileReference; explicitFileType = wrapper.application; includeInIndex = 0; path = NoteTours.app; sourceTree = BUILT_PRODUCTS_DIR; };
		2F681F4620E4C67A001F78C9 /* AppDelegate.swift */ = {isa = PBXFileReference; lastKnownFileType = sourcecode.swift; path = AppDelegate.swift; sourceTree = "<group>"; };
		2F681F4B20E4C67A001F78C9 /* Base */ = {isa = PBXFileReference; lastKnownFileType = file.storyboard; name = Base; path = Base.lproj/Main.storyboard; sourceTree = "<group>"; };
		2F681F5020E4C67A001F78C9 /* Base */ = {isa = PBXFileReference; lastKnownFileType = file.storyboard; name = Base; path = Base.lproj/LaunchScreen.storyboard; sourceTree = "<group>"; };
		2F681F5220E4C67A001F78C9 /* Info.plist */ = {isa = PBXFileReference; lastKnownFileType = text.plist.xml; path = Info.plist; sourceTree = "<group>"; };
		2F681F5A20E4CC6E001F78C9 /* PlistServices.swift */ = {isa = PBXFileReference; lastKnownFileType = sourcecode.swift; path = PlistServices.swift; sourceTree = "<group>"; };
		2F6CF35920EC633500260BD3 /* UserName.swift */ = {isa = PBXFileReference; lastKnownFileType = sourcecode.swift; path = UserName.swift; sourceTree = "<group>"; };
		2F73961E20F45AA0001671DD /* PlacesVietnam.plist */ = {isa = PBXFileReference; fileEncoding = 4; lastKnownFileType = text.plist.xml; path = PlacesVietnam.plist; sourceTree = "<group>"; };
		2F73962020F45B0E001671DD /* Places.swift */ = {isa = PBXFileReference; lastKnownFileType = sourcecode.swift; path = Places.swift; sourceTree = "<group>"; };
		2FA02FB220F6FF0700033ED0 /* RegisterController.swift */ = {isa = PBXFileReference; lastKnownFileType = sourcecode.swift; path = RegisterController.swift; sourceTree = "<group>"; };
		2FA6F1C820E769AF0076928D /* UIView+Extentions.swift */ = {isa = PBXFileReference; lastKnownFileType = sourcecode.swift; path = "UIView+Extentions.swift"; sourceTree = "<group>"; };
		2FB94C5F20F76DA400E2B18C /* AutoCompleteController.swift */ = {isa = PBXFileReference; fileEncoding = 4; lastKnownFileType = sourcecode.swift; path = AutoCompleteController.swift; sourceTree = "<group>"; };
		2FC7BB3E20F5A48A00CDCD14 /* RegionCell.swift */ = {isa = PBXFileReference; lastKnownFileType = sourcecode.swift; path = RegionCell.swift; sourceTree = "<group>"; };
		2FC7BB4020F5B3F500CDCD14 /* PlacesCell.swift */ = {isa = PBXFileReference; lastKnownFileType = sourcecode.swift; path = PlacesCell.swift; sourceTree = "<group>"; };
		2FC90F1720E6444B00C29A01 /* HomeViewController.swift */ = {isa = PBXFileReference; lastKnownFileType = sourcecode.swift; path = HomeViewController.swift; sourceTree = "<group>"; };
		2FDCEB9B20F49A7D00BED66D /* RegionsViewController.swift */ = {isa = PBXFileReference; lastKnownFileType = sourcecode.swift; path = RegionsViewController.swift; sourceTree = "<group>"; };
		2FDCEB9D20F49CF700BED66D /* PlacesViewController.swift */ = {isa = PBXFileReference; lastKnownFileType = sourcecode.swift; path = PlacesViewController.swift; sourceTree = "<group>"; };
		2FE3281820EE135B004577AE /* MapsViewController.swift */ = {isa = PBXFileReference; lastKnownFileType = sourcecode.swift; path = MapsViewController.swift; sourceTree = "<group>"; };
		2FF84AF220EB166100884ED2 /* NoteTours.entitlements */ = {isa = PBXFileReference; lastKnownFileType = text.plist.entitlements; path = NoteTours.entitlements; sourceTree = "<group>"; };
		62EDEAC1FEA62A9A1F4B8B0E /* Pods-NoteTours.debug.xcconfig */ = {isa = PBXFileReference; includeInIndex = 1; lastKnownFileType = text.xcconfig; name = "Pods-NoteTours.debug.xcconfig"; path = "Pods/Target Support Files/Pods-NoteTours/Pods-NoteTours.debug.xcconfig"; sourceTree = "<group>"; };
		A4FC33150007E83477C9149F /* Pods-NoteTours.release.xcconfig */ = {isa = PBXFileReference; includeInIndex = 1; lastKnownFileType = text.xcconfig; name = "Pods-NoteTours.release.xcconfig"; path = "Pods/Target Support Files/Pods-NoteTours/Pods-NoteTours.release.xcconfig"; sourceTree = "<group>"; };
		D6AD820D46E90326EC0AC93F /* Pods_NoteTours.framework */ = {isa = PBXFileReference; explicitFileType = wrapper.framework; includeInIndex = 0; path = Pods_NoteTours.framework; sourceTree = BUILT_PRODUCTS_DIR; };
/* End PBXFileReference section */

/* Begin PBXFrameworksBuildPhase section */
		2F681F4020E4C67A001F78C9 /* Frameworks */ = {
			isa = PBXFrameworksBuildPhase;
			buildActionMask = 2147483647;
			files = (
				00134E1D7CCD930DFF520B22 /* Pods_NoteTours.framework in Frameworks */,
			);
			runOnlyForDeploymentPostprocessing = 0;
		};
/* End PBXFrameworksBuildPhase section */

/* Begin PBXGroup section */
		0362E9C3BF1CE99EA415CC13 /* Pods */ = {
			isa = PBXGroup;
			children = (
				62EDEAC1FEA62A9A1F4B8B0E /* Pods-NoteTours.debug.xcconfig */,
				A4FC33150007E83477C9149F /* Pods-NoteTours.release.xcconfig */,
			);
			name = Pods;
			sourceTree = "<group>";
		};
		2F26340220F60A1E00311F9F /* FireBase */ = {
			isa = PBXGroup;
			children = (
				2F6CF35920EC633500260BD3 /* UserName.swift */,
			);
			path = FireBase;
			sourceTree = "<group>";
		};
		2F681F3A20E4C67A001F78C9 = {
			isa = PBXGroup;
			children = (
				2F681F4520E4C67A001F78C9 /* NoteTours */,
				2F681F4420E4C67A001F78C9 /* Products */,
				0362E9C3BF1CE99EA415CC13 /* Pods */,
				3A1E12B7C8444063675C7924 /* Frameworks */,
			);
			sourceTree = "<group>";
		};
		2F681F4420E4C67A001F78C9 /* Products */ = {
			isa = PBXGroup;
			children = (
				2F681F4320E4C67A001F78C9 /* NoteTours.app */,
			);
			name = Products;
			sourceTree = "<group>";
		};
		2F681F4520E4C67A001F78C9 /* NoteTours */ = {
			isa = PBXGroup;
			children = (
				2FDCEB9F20F49E1600BED66D /* View */,
				2FF84AF220EB166100884ED2 /* NoteTours.entitlements */,
				2F681F4620E4C67A001F78C9 /* AppDelegate.swift */,
				2FA6F1C720E768BD0076928D /* Support */,
				2F681F5920E4CC4A001F78C9 /* Model */,
				2F681F5820E4CC34001F78C9 /* Controller */,
				2F0A176820F6DFFC0060D008 /* Assets.xcassets */,
				2F681F4A20E4C67A001F78C9 /* Main.storyboard */,
				2F681F4F20E4C67A001F78C9 /* LaunchScreen.storyboard */,
				2F681F5220E4C67A001F78C9 /* Info.plist */,
				2F074A4020F714AE00BF70CA /* GoogleService-Info.plist */,
			);
			path = NoteTours;
			sourceTree = "<group>";
		};
		2F681F5820E4CC34001F78C9 /* Controller */ = {
			isa = PBXGroup;
			children = (
				2FC90F1720E6444B00C29A01 /* HomeViewController.swift */,
				2FDCEB9D20F49CF700BED66D /* PlacesViewController.swift */,
				2F26340020F5E90C00311F9F /* ContentController.swift */,
				2FDCEB9B20F49A7D00BED66D /* RegionsViewController.swift */,
				2F1E277620ECCA0A00F68793 /* StartViewController.swift */,
				2F296BEB20ECC72400FE90C1 /* TabBarViewController.swift */,
				2FE3281820EE135B004577AE /* MapsViewController.swift */,
				2FA02FB220F6FF0700033ED0 /* RegisterController.swift */,
				2FB94C5F20F76DA400E2B18C /* AutoCompleteController.swift */,
			);
			path = Controller;
			sourceTree = "<group>";
		};
		2F681F5920E4CC4A001F78C9 /* Model */ = {
			isa = PBXGroup;
			children = (
				2F26340220F60A1E00311F9F /* FireBase */,
				2F681F6020E4CC92001F78C9 /* FilePlist */,
			);
			path = Model;
			sourceTree = "<group>";
		};
		2F681F6020E4CC92001F78C9 /* FilePlist */ = {
			isa = PBXGroup;
			children = (
				2F73962020F45B0E001671DD /* Places.swift */,
				2F071CC820E4D488008B33FC /* DataServicePlist.swift */,
				2F681F5A20E4CC6E001F78C9 /* PlistServices.swift */,
				2F73961E20F45AA0001671DD /* PlacesVietnam.plist */,
			);
			path = FilePlist;
			sourceTree = "<group>";
		};
		2FA6F1C720E768BD0076928D /* Support */ = {
			isa = PBXGroup;
			children = (
				2FA6F1C820E769AF0076928D /* UIView+Extentions.swift */,
			);
			path = Support;
			sourceTree = "<group>";
		};
		2FDCEB9F20F49E1600BED66D /* View */ = {
			isa = PBXGroup;
			children = (
				2FC7BB3E20F5A48A00CDCD14 /* RegionCell.swift */,
				2FC7BB4020F5B3F500CDCD14 /* PlacesCell.swift */,
			);
			path = View;
			sourceTree = "<group>";
		};
		3A1E12B7C8444063675C7924 /* Frameworks */ = {
			isa = PBXGroup;
			children = (
				D6AD820D46E90326EC0AC93F /* Pods_NoteTours.framework */,
			);
			name = Frameworks;
			sourceTree = "<group>";
		};
/* End PBXGroup section */

/* Begin PBXNativeTarget section */
		2F681F4220E4C67A001F78C9 /* NoteTours */ = {
			isa = PBXNativeTarget;
			buildConfigurationList = 2F681F5520E4C67A001F78C9 /* Build configuration list for PBXNativeTarget "NoteTours" */;
			buildPhases = (
				7C973857EC8DC1B25BB0F19F /* [CP] Check Pods Manifest.lock */,
				2F681F3F20E4C67A001F78C9 /* Sources */,
				2F681F4020E4C67A001F78C9 /* Frameworks */,
				2F681F4120E4C67A001F78C9 /* Resources */,
				4EEB0FEC0415A24557C29191 /* [CP] Copy Pods Resources */,
				3C2DB7E9F9A2A60B8B17F3D9 /* [CP] Embed Pods Frameworks */,
			);
			buildRules = (
			);
			dependencies = (
			);
			name = NoteTours;
			productName = NoteTours;
			productReference = 2F681F4320E4C67A001F78C9 /* NoteTours.app */;
			productType = "com.apple.product-type.application";
		};
/* End PBXNativeTarget section */

/* Begin PBXProject section */
		2F681F3B20E4C67A001F78C9 /* Project object */ = {
			isa = PBXProject;
			attributes = {
				LastSwiftUpdateCheck = 0920;
				LastUpgradeCheck = 0920;
				ORGANIZATIONNAME = "Ngọc Anh";
				TargetAttributes = {
					2F681F4220E4C67A001F78C9 = {
						CreatedOnToolsVersion = 9.2;
						ProvisioningStyle = Automatic;
						SystemCapabilities = {
							com.apple.Keychain = {
								enabled = 1;
							};
						};
					};
				};
			};
			buildConfigurationList = 2F681F3E20E4C67A001F78C9 /* Build configuration list for PBXProject "NoteTours" */;
			compatibilityVersion = "Xcode 8.0";
			developmentRegion = en;
			hasScannedForEncodings = 0;
			knownRegions = (
				en,
				Base,
			);
			mainGroup = 2F681F3A20E4C67A001F78C9;
			productRefGroup = 2F681F4420E4C67A001F78C9 /* Products */;
			projectDirPath = "";
			projectRoot = "";
			targets = (
				2F681F4220E4C67A001F78C9 /* NoteTours */,
			);
		};
/* End PBXProject section */

/* Begin PBXResourcesBuildPhase section */
		2F681F4120E4C67A001F78C9 /* Resources */ = {
			isa = PBXResourcesBuildPhase;
			buildActionMask = 2147483647;
			files = (
				2F681F5120E4C67A001F78C9 /* LaunchScreen.storyboard in Resources */,
				2F681F4C20E4C67A001F78C9 /* Main.storyboard in Resources */,
				2F074A4120F714AE00BF70CA /* GoogleService-Info.plist in Resources */,
				2F73961F20F45AA0001671DD /* PlacesVietnam.plist in Resources */,
				2F0A176920F6DFFD0060D008 /* Assets.xcassets in Resources */,
			);
			runOnlyForDeploymentPostprocessing = 0;
		};
/* End PBXResourcesBuildPhase section */

/* Begin PBXShellScriptBuildPhase section */
		3C2DB7E9F9A2A60B8B17F3D9 /* [CP] Embed Pods Frameworks */ = {
			isa = PBXShellScriptBuildPhase;
			buildActionMask = 2147483647;
			files = (
			);
			inputPaths = (
				"${SRCROOT}/Pods/Target Support Files/Pods-NoteTours/Pods-NoteTours-frameworks.sh",
				"${BUILT_PRODUCTS_DIR}/Bolts/Bolts.framework",
				"${BUILT_PRODUCTS_DIR}/FBSDKCoreKit/FBSDKCoreKit.framework",
				"${BUILT_PRODUCTS_DIR}/FBSDKLoginKit/FBSDKLoginKit.framework",
				"${BUILT_PRODUCTS_DIR}/FBSDKShareKit/FBSDKShareKit.framework",
				"${BUILT_PRODUCTS_DIR}/FacebookCore/FacebookCore.framework",
				"${BUILT_PRODUCTS_DIR}/FacebookLogin/FacebookLogin.framework",
				"${BUILT_PRODUCTS_DIR}/FacebookShare/FacebookShare.framework",
				"${BUILT_PRODUCTS_DIR}/GTMSessionFetcher/GTMSessionFetcher.framework",
				"${BUILT_PRODUCTS_DIR}/GoogleToolboxForMac/GoogleToolboxForMac.framework",
				"${BUILT_PRODUCTS_DIR}/leveldb-library/leveldb.framework",
				"${BUILT_PRODUCTS_DIR}/nanopb/nanopb.framework",
			);
			name = "[CP] Embed Pods Frameworks";
			outputPaths = (
				"${TARGET_BUILD_DIR}/${FRAMEWORKS_FOLDER_PATH}/Bolts.framework",
				"${TARGET_BUILD_DIR}/${FRAMEWORKS_FOLDER_PATH}/FBSDKCoreKit.framework",
				"${TARGET_BUILD_DIR}/${FRAMEWORKS_FOLDER_PATH}/FBSDKLoginKit.framework",
				"${TARGET_BUILD_DIR}/${FRAMEWORKS_FOLDER_PATH}/FBSDKShareKit.framework",
				"${TARGET_BUILD_DIR}/${FRAMEWORKS_FOLDER_PATH}/FacebookCore.framework",
				"${TARGET_BUILD_DIR}/${FRAMEWORKS_FOLDER_PATH}/FacebookLogin.framework",
				"${TARGET_BUILD_DIR}/${FRAMEWORKS_FOLDER_PATH}/FacebookShare.framework",
				"${TARGET_BUILD_DIR}/${FRAMEWORKS_FOLDER_PATH}/GTMSessionFetcher.framework",
				"${TARGET_BUILD_DIR}/${FRAMEWORKS_FOLDER_PATH}/GoogleToolboxForMac.framework",
				"${TARGET_BUILD_DIR}/${FRAMEWORKS_FOLDER_PATH}/leveldb.framework",
				"${TARGET_BUILD_DIR}/${FRAMEWORKS_FOLDER_PATH}/nanopb.framework",
			);
			runOnlyForDeploymentPostprocessing = 0;
			shellPath = /bin/sh;
			shellScript = "\"${SRCROOT}/Pods/Target Support Files/Pods-NoteTours/Pods-NoteTours-frameworks.sh\"\n";
			showEnvVarsInLog = 0;
		};
		4EEB0FEC0415A24557C29191 /* [CP] Copy Pods Resources */ = {
			isa = PBXShellScriptBuildPhase;
			buildActionMask = 2147483647;
			files = (
			);
			inputPaths = (
				"${SRCROOT}/Pods/Target Support Files/Pods-NoteTours/Pods-NoteTours-resources.sh",
				"${PODS_ROOT}/GoogleMaps/Maps/Frameworks/GoogleMaps.framework/Resources/GoogleMaps.bundle",
				"${PODS_ROOT}/GooglePlaces/Frameworks/GooglePlaces.framework/Resources/GooglePlaces.bundle",
			);
			name = "[CP] Copy Pods Resources";
			outputPaths = (
				"${TARGET_BUILD_DIR}/${UNLOCALIZED_RESOURCES_FOLDER_PATH}/GoogleMaps.bundle",
				"${TARGET_BUILD_DIR}/${UNLOCALIZED_RESOURCES_FOLDER_PATH}/GooglePlaces.bundle",
			);
			runOnlyForDeploymentPostprocessing = 0;
			shellPath = /bin/sh;
			shellScript = "\"${SRCROOT}/Pods/Target Support Files/Pods-NoteTours/Pods-NoteTours-resources.sh\"\n";
			showEnvVarsInLog = 0;
		};
		7C973857EC8DC1B25BB0F19F /* [CP] Check Pods Manifest.lock */ = {
			isa = PBXShellScriptBuildPhase;
			buildActionMask = 2147483647;
			files = (
			);
			inputPaths = (
				"${PODS_PODFILE_DIR_PATH}/Podfile.lock",
				"${PODS_ROOT}/Manifest.lock",
			);
			name = "[CP] Check Pods Manifest.lock";
			outputPaths = (
				"$(DERIVED_FILE_DIR)/Pods-NoteTours-checkManifestLockResult.txt",
			);
			runOnlyForDeploymentPostprocessing = 0;
			shellPath = /bin/sh;
			shellScript = "diff \"${PODS_PODFILE_DIR_PATH}/Podfile.lock\" \"${PODS_ROOT}/Manifest.lock\" > /dev/null\nif [ $? != 0 ] ; then\n    # print error to STDERR\n    echo \"error: The sandbox is not in sync with the Podfile.lock. Run 'pod install' or update your CocoaPods installation.\" >&2\n    exit 1\nfi\n# This output is used by Xcode 'outputs' to avoid re-running this script phase.\necho \"SUCCESS\" > \"${SCRIPT_OUTPUT_FILE_0}\"\n";
			showEnvVarsInLog = 0;
		};
/* End PBXShellScriptBuildPhase section */

/* Begin PBXSourcesBuildPhase section */
		2F681F3F20E4C67A001F78C9 /* Sources */ = {
			isa = PBXSourcesBuildPhase;
			buildActionMask = 2147483647;
			files = (
				2FDCEB9C20F49A7D00BED66D /* RegionsViewController.swift in Sources */,
				2F26340120F5E90C00311F9F /* ContentController.swift in Sources */,
				2FDCEB9E20F49CF700BED66D /* PlacesViewController.swift in Sources */,
				2FC7BB4120F5B3F500CDCD14 /* PlacesCell.swift in Sources */,
				2FC7BB3F20F5A48A00CDCD14 /* RegionCell.swift in Sources */,
				2FA6F1C920E769AF0076928D /* UIView+Extentions.swift in Sources */,
				2F681F4720E4C67A001F78C9 /* AppDelegate.swift in Sources */,
				2FB94C6020F76DA500E2B18C /* AutoCompleteController.swift in Sources */,
				2F296BEC20ECC72400FE90C1 /* TabBarViewController.swift in Sources */,
				2F73962120F45B0E001671DD /* Places.swift in Sources */,
				2F1E277720ECCA0A00F68793 /* StartViewController.swift in Sources */,
				2F681F5B20E4CC6E001F78C9 /* PlistServices.swift in Sources */,
				2FC90F1820E6444B00C29A01 /* HomeViewController.swift in Sources */,
				2FE3281920EE135B004577AE /* MapsViewController.swift in Sources */,
				2FA02FB320F6FF0700033ED0 /* RegisterController.swift in Sources */,
				2F071CC920E4D488008B33FC /* DataServicePlist.swift in Sources */,
				2F6CF35A20EC633500260BD3 /* UserName.swift in Sources */,
			);
			runOnlyForDeploymentPostprocessing = 0;
		};
/* End PBXSourcesBuildPhase section */

/* Begin PBXVariantGroup section */
		2F681F4A20E4C67A001F78C9 /* Main.storyboard */ = {
			isa = PBXVariantGroup;
			children = (
				2F681F4B20E4C67A001F78C9 /* Base */,
			);
			name = Main.storyboard;
			sourceTree = "<group>";
		};
		2F681F4F20E4C67A001F78C9 /* LaunchScreen.storyboard */ = {
			isa = PBXVariantGroup;
			children = (
				2F681F5020E4C67A001F78C9 /* Base */,
			);
			name = LaunchScreen.storyboard;
			sourceTree = "<group>";
		};
/* End PBXVariantGroup section */

/* Begin XCBuildConfiguration section */
		2F681F5320E4C67A001F78C9 /* Debug */ = {
			isa = XCBuildConfiguration;
			buildSettings = {
				ALWAYS_SEARCH_USER_PATHS = NO;
				CLANG_ANALYZER_NONNULL = YES;
				CLANG_ANALYZER_NUMBER_OBJECT_CONVERSION = YES_AGGRESSIVE;
				CLANG_CXX_LANGUAGE_STANDARD = "gnu++14";
				CLANG_CXX_LIBRARY = "libc++";
				CLANG_ENABLE_MODULES = YES;
				CLANG_ENABLE_OBJC_ARC = YES;
				CLANG_WARN_BLOCK_CAPTURE_AUTORELEASING = YES;
				CLANG_WARN_BOOL_CONVERSION = YES;
				CLANG_WARN_COMMA = YES;
				CLANG_WARN_CONSTANT_CONVERSION = YES;
				CLANG_WARN_DIRECT_OBJC_ISA_USAGE = YES_ERROR;
				CLANG_WARN_DOCUMENTATION_COMMENTS = YES;
				CLANG_WARN_EMPTY_BODY = YES;
				CLANG_WARN_ENUM_CONVERSION = YES;
				CLANG_WARN_INFINITE_RECURSION = YES;
				CLANG_WARN_INT_CONVERSION = YES;
				CLANG_WARN_NON_LITERAL_NULL_CONVERSION = YES;
				CLANG_WARN_OBJC_LITERAL_CONVERSION = YES;
				CLANG_WARN_OBJC_ROOT_CLASS = YES_ERROR;
				CLANG_WARN_RANGE_LOOP_ANALYSIS = YES;
				CLANG_WARN_STRICT_PROTOTYPES = YES;
				CLANG_WARN_SUSPICIOUS_MOVE = YES;
				CLANG_WARN_UNGUARDED_AVAILABILITY = YES_AGGRESSIVE;
				CLANG_WARN_UNREACHABLE_CODE = YES;
				CLANG_WARN__DUPLICATE_METHOD_MATCH = YES;
				CODE_SIGN_IDENTITY = "iPhone Developer";
				COPY_PHASE_STRIP = NO;
				DEBUG_INFORMATION_FORMAT = dwarf;
				ENABLE_STRICT_OBJC_MSGSEND = YES;
				ENABLE_TESTABILITY = YES;
				GCC_C_LANGUAGE_STANDARD = gnu11;
				GCC_DYNAMIC_NO_PIC = NO;
				GCC_NO_COMMON_BLOCKS = YES;
				GCC_OPTIMIZATION_LEVEL = 0;
				GCC_PREPROCESSOR_DEFINITIONS = (
					"DEBUG=1",
					"$(inherited)",
				);
				GCC_WARN_64_TO_32_BIT_CONVERSION = YES;
				GCC_WARN_ABOUT_RETURN_TYPE = YES_ERROR;
				GCC_WARN_UNDECLARED_SELECTOR = YES;
				GCC_WARN_UNINITIALIZED_AUTOS = YES_AGGRESSIVE;
				GCC_WARN_UNUSED_FUNCTION = YES;
				GCC_WARN_UNUSED_VARIABLE = YES;
				IPHONEOS_DEPLOYMENT_TARGET = 11.2;
				MTL_ENABLE_DEBUG_INFO = YES;
				ONLY_ACTIVE_ARCH = YES;
				SDKROOT = iphoneos;
				SWIFT_ACTIVE_COMPILATION_CONDITIONS = DEBUG;
				SWIFT_OPTIMIZATION_LEVEL = "-Onone";
			};
			name = Debug;
		};
		2F681F5420E4C67A001F78C9 /* Release */ = {
			isa = XCBuildConfiguration;
			buildSettings = {
				ALWAYS_SEARCH_USER_PATHS = NO;
				CLANG_ANALYZER_NONNULL = YES;
				CLANG_ANALYZER_NUMBER_OBJECT_CONVERSION = YES_AGGRESSIVE;
				CLANG_CXX_LANGUAGE_STANDARD = "gnu++14";
				CLANG_CXX_LIBRARY = "libc++";
				CLANG_ENABLE_MODULES = YES;
				CLANG_ENABLE_OBJC_ARC = YES;
				CLANG_WARN_BLOCK_CAPTURE_AUTORELEASING = YES;
				CLANG_WARN_BOOL_CONVERSION = YES;
				CLANG_WARN_COMMA = YES;
				CLANG_WARN_CONSTANT_CONVERSION = YES;
				CLANG_WARN_DIRECT_OBJC_ISA_USAGE = YES_ERROR;
				CLANG_WARN_DOCUMENTATION_COMMENTS = YES;
				CLANG_WARN_EMPTY_BODY = YES;
				CLANG_WARN_ENUM_CONVERSION = YES;
				CLANG_WARN_INFINITE_RECURSION = YES;
				CLANG_WARN_INT_CONVERSION = YES;
				CLANG_WARN_NON_LITERAL_NULL_CONVERSION = YES;
				CLANG_WARN_OBJC_LITERAL_CONVERSION = YES;
				CLANG_WARN_OBJC_ROOT_CLASS = YES_ERROR;
				CLANG_WARN_RANGE_LOOP_ANALYSIS = YES;
				CLANG_WARN_STRICT_PROTOTYPES = YES;
				CLANG_WARN_SUSPICIOUS_MOVE = YES;
				CLANG_WARN_UNGUARDED_AVAILABILITY = YES_AGGRESSIVE;
				CLANG_WARN_UNREACHABLE_CODE = YES;
				CLANG_WARN__DUPLICATE_METHOD_MATCH = YES;
				CODE_SIGN_IDENTITY = "iPhone Developer";
				COPY_PHASE_STRIP = NO;
				DEBUG_INFORMATION_FORMAT = "dwarf-with-dsym";
				ENABLE_NS_ASSERTIONS = NO;
				ENABLE_STRICT_OBJC_MSGSEND = YES;
				GCC_C_LANGUAGE_STANDARD = gnu11;
				GCC_NO_COMMON_BLOCKS = YES;
				GCC_WARN_64_TO_32_BIT_CONVERSION = YES;
				GCC_WARN_ABOUT_RETURN_TYPE = YES_ERROR;
				GCC_WARN_UNDECLARED_SELECTOR = YES;
				GCC_WARN_UNINITIALIZED_AUTOS = YES_AGGRESSIVE;
				GCC_WARN_UNUSED_FUNCTION = YES;
				GCC_WARN_UNUSED_VARIABLE = YES;
				IPHONEOS_DEPLOYMENT_TARGET = 11.2;
				MTL_ENABLE_DEBUG_INFO = NO;
				SDKROOT = iphoneos;
				SWIFT_OPTIMIZATION_LEVEL = "-Owholemodule";
				VALIDATE_PRODUCT = YES;
			};
			name = Release;
		};
		2F681F5620E4C67A001F78C9 /* Debug */ = {
			isa = XCBuildConfiguration;
			baseConfigurationReference = 62EDEAC1FEA62A9A1F4B8B0E /* Pods-NoteTours.debug.xcconfig */;
			buildSettings = {
				ASSETCATALOG_COMPILER_APPICON_NAME = AppIcon;
				CODE_SIGN_ENTITLEMENTS = NoteTours/NoteTours.entitlements;
				CODE_SIGN_STYLE = Automatic;
				DEVELOPMENT_TEAM = "";
				INFOPLIST_FILE = NoteTours/Info.plist;
				IPHONEOS_DEPLOYMENT_TARGET = 11.0;
				LD_RUNPATH_SEARCH_PATHS = "$(inherited) @executable_path/Frameworks";
				PRODUCT_BUNDLE_IDENTIFIER = com.NA.NoteTours;
				PRODUCT_NAME = "$(TARGET_NAME)";
				SWIFT_VERSION = 4.0;
				TARGETED_DEVICE_FAMILY = "1,2";
			};
			name = Debug;
		};
		2F681F5720E4C67A001F78C9 /* Release */ = {
			isa = XCBuildConfiguration;
			baseConfigurationReference = A4FC33150007E83477C9149F /* Pods-NoteTours.release.xcconfig */;
			buildSettings = {
				ASSETCATALOG_COMPILER_APPICON_NAME = AppIcon;
				CODE_SIGN_ENTITLEMENTS = NoteTours/NoteTours.entitlements;
				CODE_SIGN_STYLE = Automatic;
				DEVELOPMENT_TEAM = "";
				INFOPLIST_FILE = NoteTours/Info.plist;
				IPHONEOS_DEPLOYMENT_TARGET = 11.0;
				LD_RUNPATH_SEARCH_PATHS = "$(inherited) @executable_path/Frameworks";
				PRODUCT_BUNDLE_IDENTIFIER = com.NA.NoteTours;
				PRODUCT_NAME = "$(TARGET_NAME)";
				SWIFT_VERSION = 4.0;
				TARGETED_DEVICE_FAMILY = "1,2";
			};
			name = Release;
		};
/* End XCBuildConfiguration section */

/* Begin XCConfigurationList section */
		2F681F3E20E4C67A001F78C9 /* Build configuration list for PBXProject "NoteTours" */ = {
			isa = XCConfigurationList;
			buildConfigurations = (
				2F681F5320E4C67A001F78C9 /* Debug */,
				2F681F5420E4C67A001F78C9 /* Release */,
			);
			defaultConfigurationIsVisible = 0;
			defaultConfigurationName = Release;
		};
		2F681F5520E4C67A001F78C9 /* Build configuration list for PBXNativeTarget "NoteTours" */ = {
			isa = XCConfigurationList;
			buildConfigurations = (
				2F681F5620E4C67A001F78C9 /* Debug */,
				2F681F5720E4C67A001F78C9 /* Release */,
			);
			defaultConfigurationIsVisible = 0;
			defaultConfigurationName = Release;
		};
/* End XCConfigurationList section */
	};
	rootObject = 2F681F3B20E4C67A001F78C9 /* Project object */;
}
